
Microsoft Visual Studio Solution File, Format Version 12.00
Project("{FAE04EC0-301F-11D3-BF4B-00C04F79EFBC}") = "BenchMarkToList", "BenchMarkToList\BenchMarkToList.csproj", "{DE43A803-978B-4CEC-ACF7-B279F2E7B34D}"
EndProject
Global
	GlobalSection(SolutionConfigurationPlatforms) = preSolution
		Debug|Any CPU = Debug|Any CPU
		Release|Any CPU = Release|Any CPU
	EndGlobalSection
	GlobalSection(ProjectConfigurationPlatforms) = postSolution
		{DE43A803-978B-4CEC-ACF7-B279F2E7B34D}.Debug|Any CPU.ActiveCfg = Debug|Any CPU
		{DE43A803-978B-4CEC-ACF7-B279F2E7B34D}.Debug|Any CPU.Build.0 = Debug|Any CPU
		{DE43A803-978B-4CEC-ACF7-B279F2E7B34D}.Release|Any CPU.ActiveCfg = Release|Any CPU
		{DE43A803-978B-4CEC-ACF7-B279F2E7B34D}.Release|Any CPU.Build.0 = Release|Any CPU
	EndGlobalSection
EndGlobal
